<?xml version="1.0" encoding="utf-8"?>
<Project ToolsVersion="4.0" xmlns="http://schemas.microsoft.com/developer/msbuild/2003">
  <ItemGroup>
    <Filter Include="소스 파일">
      <UniqueIdentifier>{4FC737F1-C7A5-4376-A066-2A32D752A2FF}</UniqueIdentifier>
      <Extensions>cpp;c;cc;cxx;c++;cppm;ixx;def;odl;idl;hpj;bat;asm;asmx</Extensions>
    </Filter>
    <Filter Include="헤더 파일">
      <UniqueIdentifier>{93995380-89BD-4b04-88EB-625FBE52EBFB}</UniqueIdentifier>
      <Extensions>h;hh;hpp;hxx;h++;hm;inl;inc;ipp;xsd</Extensions>
    </Filter>
    <Filter Include="리소스 파일">
      <UniqueIdentifier>{67DA6AB6-F800-4c08-8B7A-83BB121AAD01}</UniqueIdentifier>
      <Extensions>rc;ico;cur;bmp;dlg;rc2;rct;bin;rgs;gif;jpg;jpeg;jpe;resx;tiff;tif;png;wav;mfcribbon-ms</Extensions>
    </Filter>
  </ItemGroup>
  <ItemGroup>
    <ClCompile Include="100만유튜버_키우기.cpp">
      <Filter>소스 파일</Filter>
    </ClCompile>
    <ClCompile Include="Color.cpp">
      <Filter>소스 파일</Filter>
    </ClCompile>
    <ClCompile Include="Youtuber.cpp">
      <Filter>소스 파일</Filter>
    </ClCompile>
    <ClCompile Include="Villain.cpp">
      <Filter>소스 파일</Filter>
    </ClCompile>
    <ClCompile Include="DrinkStore.cpp">
      <Filter>소스 파일</Filter>
    </ClCompile>
    <ClCompile Include="EquipMent.cpp">
      <Filter>소스 파일</Filter>
    </ClCompile>
    <ClCompile Include="DownCoin.cpp">
      <Filter>소스 파일</Filter>
    </ClCompile>
  </ItemGroup>
  <ItemGroup>
    <ClInclude Include="Color.h">
      <Filter>헤더 파일</Filter>
    </ClInclude>
    <ClInclude Include="Type.h">
      <Filter>헤더 파일</Filter>
    </ClInclude>
    <ClInclude Include="Youtuber.h">
      <Filter>헤더 파일</Filter>
    </ClInclude>
    <ClInclude Include="Villain.h">
      <Filter>헤더 파일</Filter>
    </ClInclude>
    <ClInclude Include="DrinkStore.h">
      <Filter>헤더 파일</Filter>
    </ClInclude>
    <ClInclude Include="EquipMent.h">
      <Filter>헤더 파일</Filter>
    </ClInclude>
    <ClInclude Include="DownCoin.h">
      <Filter>헤더 파일</Filter>
    </ClInclude>
  </ItemGroup>
</Project>